
Microsoft Visual Studio Solution File, Format Version 12.00
# Visual Studio 15
VisualStudioVersion = 15.0.28307.645
MinimumVisualStudioVersion = 10.0.40219.1
Project("{FAE04EC0-301F-11D3-BF4B-00C04F79EFBC}") = "LanguageFeatures_2", "LanguageFeatures_2\LanguageFeatures_2.csproj", "{DF9FD565-F2CA-4A09-85B7-D15F65F7F937}"
EndProject
Global
	GlobalSection(SolutionConfigurationPlatforms) = preSolution
		Debug|Any CPU = Debug|Any CPU
		Release|Any CPU = Release|Any CPU
	EndGlobalSection
	GlobalSection(ProjectConfigurationPlatforms) = postSolution
		{DF9FD565-F2CA-4A09-85B7-D15F65F7F937}.Debug|Any CPU.ActiveCfg = Debug|Any CPU
		{DF9FD565-F2CA-4A09-85B7-D15F65F7F937}.Debug|Any CPU.Build.0 = Debug|Any CPU
		{DF9FD565-F2CA-4A09-85B7-D15F65F7F937}.Release|Any CPU.ActiveCfg = Release|Any CPU
		{DF9FD565-F2CA-4A09-85B7-D15F65F7F937}.Release|Any CPU.Build.0 = Release|Any CPU
	EndGlobalSection
	GlobalSection(SolutionProperties) = preSolution
		HideSolutionNode = FALSE
	EndGlobalSection
	GlobalSection(ExtensibilityGlobals) = postSolution
		SolutionGuid = {E482C5AF-4CDB-460B-B5B3-186B0F340565}
	EndGlobalSection
EndGlobal
